// !$*UTF8*$!
{
	archiveVersion = 1;
	classes = {
	};
	objectVersion = 56;
	objects = {

/* Begin PBXBuildFile section */
		7A90BD862A153DEE00A04AFD /* DemoTestApp.swift in Sources */ = {isa = PBXBuildFile; fileRef = 7A90BD852A153DEE00A04AFD /* DemoTestApp.swift */; };
		7A90BD882A153DEE00A04AFD /* ContentView.swift in Sources */ = {isa = PBXBuildFile; fileRef = 7A90BD872A153DEE00A04AFD /* ContentView.swift */; };
		7A90BD8A2A153DEF00A04AFD /* Assets.xcassets in Resources */ = {isa = PBXBuildFile; fileRef = 7A90BD892A153DEF00A04AFD /* Assets.xcassets */; };
		7A90BD8D2A153DEF00A04AFD /* Preview Assets.xcassets in Resources */ = {isa = PBXBuildFile; fileRef = 7A90BD8C2A153DEF00A04AFD /* Preview Assets.xcassets */; };
		7A90BD9B2A153E6D00A04AFD /* DemoTestTests.swift in Sources */ = {isa = PBXBuildFile; fileRef = 7A90BD9A2A153E6D00A04AFD /* DemoTestTests.swift */; };
		7A90BDA32A153F9700A04AFD /* MorpionModel.swift in Sources */ = {isa = PBXBuildFile; fileRef = 7A90BDA22A153F9700A04AFD /* MorpionModel.swift */; };
		7A90BDA42A153F9700A04AFD /* MorpionModel.swift in Sources */ = {isa = PBXBuildFile; fileRef = 7A90BDA22A153F9700A04AFD /* MorpionModel.swift */; };
		7A90BDA62A15405600A04AFD /* MorpionViewModelTests.swift in Sources */ = {isa = PBXBuildFile; fileRef = 7A90BDA52A15405600A04AFD /* MorpionViewModelTests.swift */; };
/* End PBXBuildFile section */

/* Begin PBXContainerItemProxy section */
		7A90BD9C2A153E6D00A04AFD /* PBXContainerItemProxy */ = {
			isa = PBXContainerItemProxy;
			containerPortal = 7A90BD7A2A153DEE00A04AFD /* Project object */;
			proxyType = 1;
			remoteGlobalIDString = 7A90BD812A153DEE00A04AFD;
			remoteInfo = DemoTest;
		};
/* End PBXContainerItemProxy section */

/* Begin PBXFileReference section */
		7A90BD822A153DEE00A04AFD /* DemoTest.app */ = {isa = PBXFileReference; explicitFileType = wrapper.application; includeInIndex = 0; path = DemoTest.app; sourceTree = BUILT_PRODUCTS_DIR; };
		7A90BD852A153DEE00A04AFD /* DemoTestApp.swift */ = {isa = PBXFileReference; lastKnownFileType = sourcecode.swift; path = DemoTestApp.swift; sourceTree = "<group>"; };
		7A90BD872A153DEE00A04AFD /* ContentView.swift */ = {isa = PBXFileReference; lastKnownFileType = sourcecode.swift; path = ContentView.swift; sourceTree = "<group>"; };
		7A90BD892A153DEF00A04AFD /* Assets.xcassets */ = {isa = PBXFileReference; lastKnownFileType = folder.assetcatalog; path = Assets.xcassets; sourceTree = "<group>"; };
		7A90BD8C2A153DEF00A04AFD /* Preview Assets.xcassets */ = {isa = PBXFileReference; lastKnownFileType = folder.assetcatalog; path = "Preview Assets.xcassets"; sourceTree = "<group>"; };
		7A90BD982A153E6D00A04AFD /* DemoTestTests.xctest */ = {isa = PBXFileReference; explicitFileType = wrapper.cfbundle; includeInIndex = 0; path = DemoTestTests.xctest; sourceTree = BUILT_PRODUCTS_DIR; };
		7A90BD9A2A153E6D00A04AFD /* DemoTestTests.swift */ = {isa = PBXFileReference; lastKnownFileType = sourcecode.swift; path = DemoTestTests.swift; sourceTree = "<group>"; };
		7A90BDA22A153F9700A04AFD /* MorpionModel.swift */ = {isa = PBXFileReference; lastKnownFileType = sourcecode.swift; path = MorpionModel.swift; sourceTree = "<group>"; };
		7A90BDA52A15405600A04AFD /* MorpionViewModelTests.swift */ = {isa = PBXFileReference; lastKnownFileType = sourcecode.swift; path = MorpionViewModelTests.swift; sourceTree = "<group>"; };
/* End PBXFileReference section */

/* Begin PBXFrameworksBuildPhase section */
		7A90BD7F2A153DEE00A04AFD /* Frameworks */ = {
			isa = PBXFrameworksBuildPhase;
			buildActionMask = 2147483647;
			files = (
			);
			runOnlyForDeploymentPostprocessing = 0;
		};
		7A90BD952A153E6D00A04AFD /* Frameworks */ = {
			isa = PBXFrameworksBuildPhase;
			buildActionMask = 2147483647;
			files = (
			);
			runOnlyForDeploymentPostprocessing = 0;
		};
/* End PBXFrameworksBuildPhase section */

/* Begin PBXGroup section */
		7A90BD792A153DEE00A04AFD = {
			isa = PBXGroup;
			children = (
				7A90BD842A153DEE00A04AFD /* DemoTest */,
				7A90BD992A153E6D00A04AFD /* DemoTestTests */,
				7A90BD832A153DEE00A04AFD /* Products */,
			);
			sourceTree = "<group>";
		};
		7A90BD832A153DEE00A04AFD /* Products */ = {
			isa = PBXGroup;
			children = (
				7A90BD822A153DEE00A04AFD /* DemoTest.app */,
				7A90BD982A153E6D00A04AFD /* DemoTestTests.xctest */,
			);
			name = Products;
			sourceTree = "<group>";
		};
		7A90BD842A153DEE00A04AFD /* DemoTest */ = {
			isa = PBXGroup;
			children = (
				7A90BDA12A153F7B00A04AFD /* ViewModel */,
				7A90BD852A153DEE00A04AFD /* DemoTestApp.swift */,
				7A90BD872A153DEE00A04AFD /* ContentView.swift */,
				7A90BD892A153DEF00A04AFD /* Assets.xcassets */,
				7A90BD8B2A153DEF00A04AFD /* Preview Content */,
			);
			path = DemoTest;
			sourceTree = "<group>";
		};
		7A90BD8B2A153DEF00A04AFD /* Preview Content */ = {
			isa = PBXGroup;
			children = (
				7A90BD8C2A153DEF00A04AFD /* Preview Assets.xcassets */,
			);
			path = "Preview Content";
			sourceTree = "<group>";
		};
		7A90BD992A153E6D00A04AFD /* DemoTestTests */ = {
			isa = PBXGroup;
			children = (
				7A90BD9A2A153E6D00A04AFD /* DemoTestTests.swift */,
				7A90BDA52A15405600A04AFD /* MorpionViewModelTests.swift */,
			);
			path = DemoTestTests;
			sourceTree = "<group>";
		};
		7A90BDA12A153F7B00A04AFD /* ViewModel */ = {
			isa = PBXGroup;
			children = (
				7A90BDA22A153F9700A04AFD /* MorpionModel.swift */,
			);
			path = ViewModel;
			sourceTree = "<group>";
		};
/* End PBXGroup section */

/* Begin PBXNativeTarget section */
		7A90BD812A153DEE00A04AFD /* DemoTest */ = {
			isa = PBXNativeTarget;
			buildConfigurationList = 7A90BD902A153DEF00A04AFD /* Build configuration list for PBXNativeTarget "DemoTest" */;
			buildPhases = (
				7A90BD7E2A153DEE00A04AFD /* Sources */,
				7A90BD7F2A153DEE00A04AFD /* Frameworks */,
				7A90BD802A153DEE00A04AFD /* Resources */,
			);
			buildRules = (
			);
			dependencies = (
			);
			name = DemoTest;
			productName = DemoTest;
			productReference = 7A90BD822A153DEE00A04AFD /* DemoTest.app */;
			productType = "com.apple.product-type.application";
		};
		7A90BD972A153E6D00A04AFD /* DemoTestTests */ = {
			isa = PBXNativeTarget;
			buildConfigurationList = 7A90BD9E2A153E6D00A04AFD /* Build configuration list for PBXNativeTarget "DemoTestTests" */;
			buildPhases = (
				7A90BD942A153E6D00A04AFD /* Sources */,
				7A90BD952A153E6D00A04AFD /* Frameworks */,
				7A90BD962A153E6D00A04AFD /* Resources */,
			);
			buildRules = (
			);
			dependencies = (
				7A90BD9D2A153E6D00A04AFD /* PBXTargetDependency */,
			);
			name = DemoTestTests;
			productName = DemoTestTests;
			productReference = 7A90BD982A153E6D00A04AFD /* DemoTestTests.xctest */;
			productType = "com.apple.product-type.bundle.unit-test";
		};
/* End PBXNativeTarget section */

/* Begin PBXProject section */
		7A90BD7A2A153DEE00A04AFD /* Project object */ = {
			isa = PBXProject;
			attributes = {
				BuildIndependentTargetsInParallel = 1;
				LastSwiftUpdateCheck = 1420;
				LastUpgradeCheck = 1420;
				TargetAttributes = {
					7A90BD812A153DEE00A04AFD = {
						CreatedOnToolsVersion = 14.2;
					};
					7A90BD972A153E6D00A04AFD = {
						CreatedOnToolsVersion = 14.2;
						TestTargetID = 7A90BD812A153DEE00A04AFD;
					};
				};
			};
			buildConfigurationList = 7A90BD7D2A153DEE00A04AFD /* Build configuration list for PBXProject "DemoTest" */;
			compatibilityVersion = "Xcode 14.0";
			developmentRegion = en;
			hasScannedForEncodings = 0;
			knownRegions = (
				en,
				Base,
			);
			mainGroup = 7A90BD792A153DEE00A04AFD;
			productRefGroup = 7A90BD832A153DEE00A04AFD /* Products */;
			projectDirPath = "";
			projectRoot = "";
			targets = (
				7A90BD812A153DEE00A04AFD /* DemoTest */,
				7A90BD972A153E6D00A04AFD /* DemoTestTests */,
			);
		};
/* End PBXProject section */

/* Begin PBXResourcesBuildPhase section */
		7A90BD802A153DEE00A04AFD /* Resources */ = {
			isa = PBXResourcesBuildPhase;
			buildActionMask = 2147483647;
			files = (
				7A90BD8D2A153DEF00A04AFD /* Preview Assets.xcassets in Resources */,
				7A90BD8A2A153DEF00A04AFD /* Assets.xcassets in Resources */,
			);
			runOnlyForDeploymentPostprocessing = 0;
		};
		7A90BD962A153E6D00A04AFD /* Resources */ = {
			isa = PBXResourcesBuildPhase;
			buildActionMask = 2147483647;
			files = (
			);
			runOnlyForDeploymentPostprocessing = 0;
		};
/* End PBXResourcesBuildPhase section */

/* Begin PBXSourcesBuildPhase section */
		7A90BD7E2A153DEE00A04AFD /* Sources */ = {
			isa = PBXSourcesBuildPhase;
			buildActionMask = 2147483647;
			files = (
				7A90BD882A153DEE00A04AFD /* ContentView.swift in Sources */,
				7A90BD862A153DEE00A04AFD /* DemoTestApp.swift in Sources */,
				7A90BDA32A153F9700A04AFD /* MorpionModel.swift in Sources */,
			);
			runOnlyForDeploymentPostprocessing = 0;
		};
		7A90BD942A153E6D00A04AFD /* Sources */ = {
			isa = PBXSourcesBuildPhase;
			buildActionMask = 2147483647;
			files = (
				7A90BDA42A153F9700A04AFD /* MorpionModel.swift in Sources */,
				7A90BD9B2A153E6D00A04AFD /* DemoTestTests.swift in Sources */,
				7A90BDA62A15405600A04AFD /* MorpionViewModelTests.swift in Sources */,
			);
			runOnlyForDeploymentPostprocessing = 0;
		};
/* End PBXSourcesBuildPhase section */

/* Begin PBXTargetDependency section */
		7A90BD9D2A153E6D00A04AFD /* PBXTargetDependency */ = {
			isa = PBXTargetDependency;
			target = 7A90BD812A153DEE00A04AFD /* DemoTest */;
			targetProxy = 7A90BD9C2A153E6D00A04AFD /* PBXContainerItemProxy */;
		};
/* End PBXTargetDependency section */

/* Begin XCBuildConfiguration section */
		7A90BD8E2A153DEF00A04AFD /* Debug */ = {
			isa = XCBuildConfiguration;
			buildSettings = {
				ALWAYS_SEARCH_USER_PATHS = NO;
				CLANG_ANALYZER_NONNULL = YES;
				CLANG_ANALYZER_NUMBER_OBJECT_CONVERSION = YES_AGGRESSIVE;
				CLANG_CXX_LANGUAGE_STANDARD = "gnu++20";
				CLANG_ENABLE_MODULES = YES;
				CLANG_ENABLE_OBJC_ARC = YES;
				CLANG_ENABLE_OBJC_WEAK = YES;
				CLANG_WARN_BLOCK_CAPTURE_AUTORELEASING = YES;
				CLANG_WARN_BOOL_CONVERSION = YES;
				CLANG_WARN_COMMA = YES;
				CLANG_WARN_CONSTANT_CONVERSION = YES;
				CLANG_WARN_DEPRECATED_OBJC_IMPLEMENTATIONS = YES;
				CLANG_WARN_DIRECT_OBJC_ISA_USAGE = YES_ERROR;
				CLANG_WARN_DOCUMENTATION_COMMENTS = YES;
				CLANG_WARN_EMPTY_BODY = YES;
				CLANG_WARN_ENUM_CONVERSION = YES;
				CLANG_WARN_INFINITE_RECURSION = YES;
				CLANG_WARN_INT_CONVERSION = YES;
				CLANG_WARN_NON_LITERAL_NULL_CONVERSION = YES;
				CLANG_WARN_OBJC_IMPLICIT_RETAIN_SELF = YES;
				CLANG_WARN_OBJC_LITERAL_CONVERSION = YES;
				CLANG_WARN_OBJC_ROOT_CLASS = YES_ERROR;
				CLANG_WARN_QUOTED_INCLUDE_IN_FRAMEWORK_HEADER = YES;
				CLANG_WARN_RANGE_LOOP_ANALYSIS = YES;
				CLANG_WARN_STRICT_PROTOTYPES = YES;
				CLANG_WARN_SUSPICIOUS_MOVE = YES;
				CLANG_WARN_UNGUARDED_AVAILABILITY = YES_AGGRESSIVE;
				CLANG_WARN_UNREACHABLE_CODE = YES;
				CLANG_WARN__DUPLICATE_METHOD_MATCH = YES;
				COPY_PHASE_STRIP = NO;
				DEBUG_INFORMATION_FORMAT = dwarf;
				ENABLE_STRICT_OBJC_MSGSEND = YES;
				ENABLE_TESTABILITY = YES;
				GCC_C_LANGUAGE_STANDARD = gnu11;
				GCC_DYNAMIC_NO_PIC = NO;
				GCC_NO_COMMON_BLOCKS = YES;
				GCC_OPTIMIZATION_LEVEL = 0;
				GCC_PREPROCESSOR_DEFINITIONS = (
					"DEBUG=1",
					"$(inherited)",
				);
				GCC_WARN_64_TO_32_BIT_CONVERSION = YES;
				GCC_WARN_ABOUT_RETURN_TYPE = YES_ERROR;
				GCC_WARN_UNDECLARED_SELECTOR = YES;
				GCC_WARN_UNINITIALIZED_AUTOS = YES_AGGRESSIVE;
				GCC_WARN_UNUSED_FUNCTION = YES;
				GCC_WARN_UNUSED_VARIABLE = YES;
				IPHONEOS_DEPLOYMENT_TARGET = 16.2;
				MTL_ENABLE_DEBUG_INFO = INCLUDE_SOURCE;
				MTL_FAST_MATH = YES;
				ONLY_ACTIVE_ARCH = YES;
				SDKROOT = iphoneos;
				SWIFT_ACTIVE_COMPILATION_CONDITIONS = DEBUG;
				SWIFT_OPTIMIZATION_LEVEL = "-Onone";
			};
			name = Debug;
		};
		7A90BD8F2A153DEF00A04AFD /* Release */ = {
			isa = XCBuildConfiguration;
			buildSettings = {
				ALWAYS_SEARCH_USER_PATHS = NO;
				CLANG_ANALYZER_NONNULL = YES;
				CLANG_ANALYZER_NUMBER_OBJECT_CONVERSION = YES_AGGRESSIVE;
				CLANG_CXX_LANGUAGE_STANDARD = "gnu++20";
				CLANG_ENABLE_MODULES = YES;
				CLANG_ENABLE_OBJC_ARC = YES;
				CLANG_ENABLE_OBJC_WEAK = YES;
				CLANG_WARN_BLOCK_CAPTURE_AUTORELEASING = YES;
				CLANG_WARN_BOOL_CONVERSION = YES;
				CLANG_WARN_COMMA = YES;
				CLANG_WARN_CONSTANT_CONVERSION = YES;
				CLANG_WARN_DEPRECATED_OBJC_IMPLEMENTATIONS = YES;
				CLANG_WARN_DIRECT_OBJC_ISA_USAGE = YES_ERROR;
				CLANG_WARN_DOCUMENTATION_COMMENTS = YES;
				CLANG_WARN_EMPTY_BODY = YES;
				CLANG_WARN_ENUM_CONVERSION = YES;
				CLANG_WARN_INFINITE_RECURSION = YES;
				CLANG_WARN_INT_CONVERSION = YES;
				CLANG_WARN_NON_LITERAL_NULL_CONVERSION = YES;
				CLANG_WARN_OBJC_IMPLICIT_RETAIN_SELF = YES;
				CLANG_WARN_OBJC_LITERAL_CONVERSION = YES;
				CLANG_WARN_OBJC_ROOT_CLASS = YES_ERROR;
				CLANG_WARN_QUOTED_INCLUDE_IN_FRAMEWORK_HEADER = YES;
				CLANG_WARN_RANGE_LOOP_ANALYSIS = YES;
				CLANG_WARN_STRICT_PROTOTYPES = YES;
				CLANG_WARN_SUSPICIOUS_MOVE = YES;
				CLANG_WARN_UNGUARDED_AVAILABILITY = YES_AGGRESSIVE;
				CLANG_WARN_UNREACHABLE_CODE = YES;
				CLANG_WARN__DUPLICATE_METHOD_MATCH = YES;
				COPY_PHASE_STRIP = NO;
				DEBUG_INFORMATION_FORMAT = "dwarf-with-dsym";
				ENABLE_NS_ASSERTIONS = NO;
				ENABLE_STRICT_OBJC_MSGSEND = YES;
				GCC_C_LANGUAGE_STANDARD = gnu11;
				GCC_NO_COMMON_BLOCKS = YES;
				GCC_WARN_64_TO_32_BIT_CONVERSION = YES;
				GCC_WARN_ABOUT_RETURN_TYPE = YES_ERROR;
				GCC_WARN_UNDECLARED_SELECTOR = YES;
				GCC_WARN_UNINITIALIZED_AUTOS = YES_AGGRESSIVE;
				GCC_WARN_UNUSED_FUNCTION = YES;
				GCC_WARN_UNUSED_VARIABLE = YES;
				IPHONEOS_DEPLOYMENT_TARGET = 16.2;
				MTL_ENABLE_DEBUG_INFO = NO;
				MTL_FAST_MATH = YES;
				SDKROOT = iphoneos;
				SWIFT_COMPILATION_MODE = wholemodule;
				SWIFT_OPTIMIZATION_LEVEL = "-O";
				VALIDATE_PRODUCT = YES;
			};
			name = Release;
		};
		7A90BD912A153DEF00A04AFD /* Debug */ = {
			isa = XCBuildConfiguration;
			buildSettings = {
				ASSETCATALOG_COMPILER_APPICON_NAME = AppIcon;
				ASSETCATALOG_COMPILER_GLOBAL_ACCENT_COLOR_NAME = AccentColor;
				CODE_SIGN_STYLE = Automatic;
				CURRENT_PROJECT_VERSION = 1;
				DEVELOPMENT_ASSET_PATHS = "\"DemoTest/Preview Content\"";
				DEVELOPMENT_TEAM = 6ZXF9YPHX7;
				ENABLE_PREVIEWS = YES;
				GENERATE_INFOPLIST_FILE = YES;
				INFOPLIST_KEY_UIApplicationSceneManifest_Generation = YES;
				INFOPLIST_KEY_UIApplicationSupportsIndirectInputEvents = YES;
				INFOPLIST_KEY_UILaunchScreen_Generation = YES;
				INFOPLIST_KEY_UISupportedInterfaceOrientations_iPad = "UIInterfaceOrientationPortrait UIInterfaceOrientationPortraitUpsideDown UIInterfaceOrientationLandscapeLeft UIInterfaceOrientationLandscapeRight";
				INFOPLIST_KEY_UISupportedInterfaceOrientations_iPhone = "UIInterfaceOrientationPortrait UIInterfaceOrientationLandscapeLeft UIInterfaceOrientationLandscapeRight";
				LD_RUNPATH_SEARCH_PATHS = (
					"$(inherited)",
					"@executable_path/Frameworks",
				);
				MARKETING_VERSION = 1.0;
				PRODUCT_BUNDLE_IDENTIFIER = utopios.DemoTest;
				PRODUCT_NAME = "$(TARGET_NAME)";
				SWIFT_EMIT_LOC_STRINGS = YES;
				SWIFT_VERSION = 5.0;
				TARGETED_DEVICE_FAMILY = "1,2";
			};
			name = Debug;
		};
		7A90BD922A153DEF00A04AFD /* Release */ = {
			isa = XCBuildConfiguration;
			buildSettings = {
				ASSETCATALOG_COMPILER_APPICON_NAME = AppIcon;
				ASSETCATALOG_COMPILER_GLOBAL_ACCENT_COLOR_NAME = AccentColor;
				CODE_SIGN_STYLE = Automatic;
				CURRENT_PROJECT_VERSION = 1;
				DEVELOPMENT_ASSET_PATHS = "\"DemoTest/Preview Content\"";
				DEVELOPMENT_TEAM = 6ZXF9YPHX7;
				ENABLE_PREVIEWS = YES;
				GENERATE_INFOPLIST_FILE = YES;
				INFOPLIST_KEY_UIApplicationSceneManifest_Generation = YES;
				INFOPLIST_KEY_UIApplicationSupportsIndirectInputEvents = YES;
				INFOPLIST_KEY_UILaunchScreen_Generation = YES;
				INFOPLIST_KEY_UISupportedInterfaceOrientations_iPad = "UIInterfaceOrientationPortrait UIInterfaceOrientationPortraitUpsideDown UIInterfaceOrientationLandscapeLeft UIInterfaceOrientationLandscapeRight";
				INFOPLIST_KEY_UISupportedInterfaceOrientations_iPhone = "UIInterfaceOrientationPortrait UIInterfaceOrientationLandscapeLeft UIInterfaceOrientationLandscapeRight";
				LD_RUNPATH_SEARCH_PATHS = (
					"$(inherited)",
					"@executable_path/Frameworks",
				);
				MARKETING_VERSION = 1.0;
				PRODUCT_BUNDLE_IDENTIFIER = utopios.DemoTest;
				PRODUCT_NAME = "$(TARGET_NAME)";
				SWIFT_EMIT_LOC_STRINGS = YES;
				SWIFT_VERSION = 5.0;
				TARGETED_DEVICE_FAMILY = "1,2";
			};
			name = Release;
		};
		7A90BD9F2A153E6D00A04AFD /* Debug */ = {
			isa = XCBuildConfiguration;
			buildSettings = {
				BUNDLE_LOADER = "$(TEST_HOST)";
				CODE_SIGN_STYLE = Automatic;
				CURRENT_PROJECT_VERSION = 1;
				DEVELOPMENT_TEAM = 6ZXF9YPHX7;
				GENERATE_INFOPLIST_FILE = YES;
				IPHONEOS_DEPLOYMENT_TARGET = 16.2;
				MACOSX_DEPLOYMENT_TARGET = 13.1;
				MARKETING_VERSION = 1.0;
				PRODUCT_BUNDLE_IDENTIFIER = utopios.DemoTestTests;
				PRODUCT_NAME = "$(TARGET_NAME)";
				SDKROOT = auto;
				SUPPORTED_PLATFORMS = "iphoneos iphonesimulator macosx";
				SWIFT_EMIT_LOC_STRINGS = NO;
				SWIFT_VERSION = 5.0;
				TARGETED_DEVICE_FAMILY = "1,2";
				TEST_HOST = "$(BUILT_PRODUCTS_DIR)/DemoTest.app/$(BUNDLE_EXECUTABLE_FOLDER_PATH)/DemoTest";
			};
			name = Debug;
		};
		7A90BDA02A153E6D00A04AFD /* Release */ = {
			isa = XCBuildConfiguration;
			buildSettings = {
				BUNDLE_LOADER = "$(TEST_HOST)";
				CODE_SIGN_STYLE = Automatic;
				CURRENT_PROJECT_VERSION = 1;
				DEVELOPMENT_TEAM = 6ZXF9YPHX7;
				GENERATE_INFOPLIST_FILE = YES;
				IPHONEOS_DEPLOYMENT_TARGET = 16.2;
				MACOSX_DEPLOYMENT_TARGET = 13.1;
				MARKETING_VERSION = 1.0;
				PRODUCT_BUNDLE_IDENTIFIER = utopios.DemoTestTests;
				PRODUCT_NAME = "$(TARGET_NAME)";
				SDKROOT = auto;
				SUPPORTED_PLATFORMS = "iphoneos iphonesimulator macosx";
				SWIFT_EMIT_LOC_STRINGS = NO;
				SWIFT_VERSION = 5.0;
				TARGETED_DEVICE_FAMILY = "1,2";
				TEST_HOST = "$(BUILT_PRODUCTS_DIR)/DemoTest.app/$(BUNDLE_EXECUTABLE_FOLDER_PATH)/DemoTest";
			};
			name = Release;
		};
/* End XCBuildConfiguration section */

/* Begin XCConfigurationList section */
		7A90BD7D2A153DEE00A04AFD /* Build configuration list for PBXProject "DemoTest" */ = {
			isa = XCConfigurationList;
			buildConfigurations = (
				7A90BD8E2A153DEF00A04AFD /* Debug */,
				7A90BD8F2A153DEF00A04AFD /* Release */,
			);
			defaultConfigurationIsVisible = 0;
			defaultConfigurationName = Release;
		};
		7A90BD902A153DEF00A04AFD /* Build configuration list for PBXNativeTarget "DemoTest" */ = {
			isa = XCConfigurationList;
			buildConfigurations = (
				7A90BD912A153DEF00A04AFD /* Debug */,
				7A90BD922A153DEF00A04AFD /* Release */,
			);
			defaultConfigurationIsVisible = 0;
			defaultConfigurationName = Release;
		};
		7A90BD9E2A153E6D00A04AFD /* Build configuration list for PBXNativeTarget "DemoTestTests" */ = {
			isa = XCConfigurationList;
			buildConfigurations = (
				7A90BD9F2A153E6D00A04AFD /* Debug */,
				7A90BDA02A153E6D00A04AFD /* Release */,
			);
			defaultConfigurationIsVisible = 0;
			defaultConfigurationName = Release;
		};
/* End XCConfigurationList section */
	};
	rootObject = 7A90BD7A2A153DEE00A04AFD /* Project object */;
}
